
Microsoft Visual Studio Solution File, Format Version 12.00
# Visual Studio 2013
VisualStudioVersion = 12.0.21005.1
MinimumVisualStudioVersion = 10.0.40219.1
Project("{FAE04EC0-301F-11D3-BF4B-00C04F79EFBC}") = "Capa_Presentacion", "Capa_Presentacion\Capa_Presentacion.csproj", "{234B576E-090A-4BFA-99DD-7CD0BAF7173D}"
EndProject
Project("{2150E333-8FDC-42A3-9474-1A3956D46DE8}") = "Capa_Datos", "Capa_Datos", "{0A1147F3-11F1-42E5-ACA1-E515F3ED8185}"
EndProject
Project("{2150E333-8FDC-42A3-9474-1A3956D46DE8}") = "Capa_Negocio", "Capa_Negocio", "{02D81E94-D8FE-45E6-B07A-029A6ADA2F10}"
EndProject
Project("{2150E333-8FDC-42A3-9474-1A3956D46DE8}") = "Capa_Entidad", "Capa_Entidad", "{BC7E2201-7748-4153-89A4-44DB26BCDDF5}"
EndProject
Project("{FAE04EC0-301F-11D3-BF4B-00C04F79EFBC}") = "Datos.Almacen", "Datos.Almacen\Datos.Almacen.csproj", "{A40AF64C-3B59-4DB8-A88F-A59A9C9F9018}"
EndProject
Project("{FAE04EC0-301F-11D3-BF4B-00C04F79EFBC}") = "Datos.Compras", "Datos.Compras\Datos.Compras.csproj", "{9A1BDCB4-6277-4D61-9EB0-DC37762D784B}"
EndProject
Project("{FAE04EC0-301F-11D3-BF4B-00C04F79EFBC}") = "Datos.Produccion", "Datos.Produccion\Datos.Produccion.csproj", "{6CC708BC-EEE5-482A-B45C-5D2BDBA4F257}"
EndProject
Project("{FAE04EC0-301F-11D3-BF4B-00C04F79EFBC}") = "Datos.Ventas", "Datos.Ventas\Datos.Ventas.csproj", "{9C53F05D-B6D8-452D-8F69-E6FC6E48A09B}"
EndProject
Project("{FAE04EC0-301F-11D3-BF4B-00C04F79EFBC}") = "Entidad.Ventas", "Entidad.Ventas\Entidad.Ventas.csproj", "{CBF8C8A4-5469-4A9E-AD48-5F96FD7B7CD6}"
EndProject
Project("{FAE04EC0-301F-11D3-BF4B-00C04F79EFBC}") = "Entidad.Produccion", "Entidad.Produccion\Entidad.Produccion.csproj", "{D6BC698D-7925-4CFE-9076-D30AD441FC3A}"
EndProject
Project("{FAE04EC0-301F-11D3-BF4B-00C04F79EFBC}") = "Entidad.Almacen", "Entidad.Almacen\Entidad.Almacen.csproj", "{25AF7136-FD7E-4B58-8898-641B04771C0C}"
EndProject
Project("{FAE04EC0-301F-11D3-BF4B-00C04F79EFBC}") = "Negocio.Compras", "Negocio.Compras\Negocio.Compras.csproj", "{B026DC9C-B8A8-45BD-A88A-D68AB3374688}"
EndProject
Project("{FAE04EC0-301F-11D3-BF4B-00C04F79EFBC}") = "Entidad.Compras", "Entidad.Compras\Entidad.Compras.csproj", "{F9A28C8B-9D66-4068-BCBD-460B55407992}"
EndProject
Project("{FAE04EC0-301F-11D3-BF4B-00C04F79EFBC}") = "Negocio.Ventas", "Negocio.Ventas\Negocio.Ventas.csproj", "{6DF17C87-1E95-47CA-B307-B88CB53B487D}"
EndProject
Project("{FAE04EC0-301F-11D3-BF4B-00C04F79EFBC}") = "Negocio.Almacen", "Negocio.Almacen\Negocio.Almacen.csproj", "{A19467CF-B527-46B2-A6F8-3731275909A2}"
EndProject
Project("{FAE04EC0-301F-11D3-BF4B-00C04F79EFBC}") = "Negocio.Produccion", "Negocio.Produccion\Negocio.Produccion.csproj", "{55732F9B-6E0D-4449-8416-A75DAD8A4BB3}"
EndProject
Project("{FAE04EC0-301F-11D3-BF4B-00C04F79EFBC}") = "Datos.Seguridad", "Datos.Seguridad\Datos.Seguridad.csproj", "{1E2BF48E-E51E-456F-8E12-BD282FC17288}"
EndProject
Project("{FAE04EC0-301F-11D3-BF4B-00C04F79EFBC}") = "Entidad.Seguridad", "Entidad.Seguridad\Entidad.Seguridad.csproj", "{43CEAD09-D799-4840-82BD-4D7B57147AC3}"
EndProject
Project("{FAE04EC0-301F-11D3-BF4B-00C04F79EFBC}") = "Negocio.Seguridad", "Negocio.Seguridad\Negocio.Seguridad.csproj", "{9798E8EB-024E-484A-B071-0514905A7E08}"
EndProject
Project("{FAE04EC0-301F-11D3-BF4B-00C04F79EFBC}") = "Datos.RRHH", "Datos.RRHH\Datos.RRHH.csproj", "{6111FEDD-5C37-4E7A-9203-2143771F655E}"
EndProject
Project("{FAE04EC0-301F-11D3-BF4B-00C04F79EFBC}") = "Entidad.RRHH", "Entidad.RRHH\Entidad.RRHH.csproj", "{B2FFFA2C-235C-4F7E-B130-3F1746747994}"
EndProject
Project("{FAE04EC0-301F-11D3-BF4B-00C04F79EFBC}") = "Negocio.RRHH", "Negocio.RRHH\Negocio.RRHH.csproj", "{CBED141E-3D65-4FBA-9AE9-FE5E2F03E7E8}"
EndProject
Project("{FAE04EC0-301F-11D3-BF4B-00C04F79EFBC}") = "Datos.Logistica", "Datos.Logistica\Datos.Logistica.csproj", "{5A0C8B07-D522-4F0F-B7D0-610EA12F878D}"
EndProject
Project("{FAE04EC0-301F-11D3-BF4B-00C04F79EFBC}") = "Entidad.Logistica", "Entidad.Logistica\Entidad.Logistica.csproj", "{4B58AC6F-AD5E-48EC-9306-94582CD65925}"
EndProject
Project("{FAE04EC0-301F-11D3-BF4B-00C04F79EFBC}") = "Negocio.Logistica", "Negocio.Logistica\Negocio.Logistica.csproj", "{28DF6454-F70D-4008-BDA8-928071CADA2C}"
EndProject
Project("{FAE04EC0-301F-11D3-BF4B-00C04F79EFBC}") = "Datos.Comunes", "Datos.Comunes\Datos.Comunes.csproj", "{3AB88A58-C0A8-49FA-BB5F-53E689702827}"
EndProject
Project("{FAE04EC0-301F-11D3-BF4B-00C04F79EFBC}") = "Entidad.Comunes", "Entidad.Comunes\Entidad.Comunes.csproj", "{C44C304A-D5E1-485A-8356-97F401FDB295}"
EndProject
Project("{FAE04EC0-301F-11D3-BF4B-00C04F79EFBC}") = "Negocio.Comunes", "Negocio.Comunes\Negocio.Comunes.csproj", "{8E710040-6B18-4545-A51F-4F2B2E97CA50}"
EndProject
Global
	GlobalSection(SubversionScc) = preSolution
		Svn-Managed = True
		Manager = AnkhSVN - Subversion Support for Visual Studio
	EndGlobalSection
	GlobalSection(SolutionConfigurationPlatforms) = preSolution
		Debug|Any CPU = Debug|Any CPU
		Release|Any CPU = Release|Any CPU
	EndGlobalSection
	GlobalSection(ProjectConfigurationPlatforms) = postSolution
		{234B576E-090A-4BFA-99DD-7CD0BAF7173D}.Debug|Any CPU.ActiveCfg = Debug|Any CPU
		{234B576E-090A-4BFA-99DD-7CD0BAF7173D}.Debug|Any CPU.Build.0 = Debug|Any CPU
		{234B576E-090A-4BFA-99DD-7CD0BAF7173D}.Release|Any CPU.ActiveCfg = Release|Any CPU
		{234B576E-090A-4BFA-99DD-7CD0BAF7173D}.Release|Any CPU.Build.0 = Release|Any CPU
		{A40AF64C-3B59-4DB8-A88F-A59A9C9F9018}.Debug|Any CPU.ActiveCfg = Debug|Any CPU
		{A40AF64C-3B59-4DB8-A88F-A59A9C9F9018}.Debug|Any CPU.Build.0 = Debug|Any CPU
		{A40AF64C-3B59-4DB8-A88F-A59A9C9F9018}.Release|Any CPU.ActiveCfg = Release|Any CPU
		{A40AF64C-3B59-4DB8-A88F-A59A9C9F9018}.Release|Any CPU.Build.0 = Release|Any CPU
		{9A1BDCB4-6277-4D61-9EB0-DC37762D784B}.Debug|Any CPU.ActiveCfg = Debug|Any CPU
		{9A1BDCB4-6277-4D61-9EB0-DC37762D784B}.Debug|Any CPU.Build.0 = Debug|Any CPU
		{9A1BDCB4-6277-4D61-9EB0-DC37762D784B}.Release|Any CPU.ActiveCfg = Release|Any CPU
		{9A1BDCB4-6277-4D61-9EB0-DC37762D784B}.Release|Any CPU.Build.0 = Release|Any CPU
		{6CC708BC-EEE5-482A-B45C-5D2BDBA4F257}.Debug|Any CPU.ActiveCfg = Debug|Any CPU
		{6CC708BC-EEE5-482A-B45C-5D2BDBA4F257}.Debug|Any CPU.Build.0 = Debug|Any CPU
		{6CC708BC-EEE5-482A-B45C-5D2BDBA4F257}.Release|Any CPU.ActiveCfg = Release|Any CPU
		{6CC708BC-EEE5-482A-B45C-5D2BDBA4F257}.Release|Any CPU.Build.0 = Release|Any CPU
		{9C53F05D-B6D8-452D-8F69-E6FC6E48A09B}.Debug|Any CPU.ActiveCfg = Debug|Any CPU
		{9C53F05D-B6D8-452D-8F69-E6FC6E48A09B}.Debug|Any CPU.Build.0 = Debug|Any CPU
		{9C53F05D-B6D8-452D-8F69-E6FC6E48A09B}.Release|Any CPU.ActiveCfg = Release|Any CPU
		{9C53F05D-B6D8-452D-8F69-E6FC6E48A09B}.Release|Any CPU.Build.0 = Release|Any CPU
		{CBF8C8A4-5469-4A9E-AD48-5F96FD7B7CD6}.Debug|Any CPU.ActiveCfg = Debug|Any CPU
		{CBF8C8A4-5469-4A9E-AD48-5F96FD7B7CD6}.Debug|Any CPU.Build.0 = Debug|Any CPU
		{CBF8C8A4-5469-4A9E-AD48-5F96FD7B7CD6}.Release|Any CPU.ActiveCfg = Release|Any CPU
		{CBF8C8A4-5469-4A9E-AD48-5F96FD7B7CD6}.Release|Any CPU.Build.0 = Release|Any CPU
		{D6BC698D-7925-4CFE-9076-D30AD441FC3A}.Debug|Any CPU.ActiveCfg = Debug|Any CPU
		{D6BC698D-7925-4CFE-9076-D30AD441FC3A}.Debug|Any CPU.Build.0 = Debug|Any CPU
		{D6BC698D-7925-4CFE-9076-D30AD441FC3A}.Release|Any CPU.ActiveCfg = Release|Any CPU
		{D6BC698D-7925-4CFE-9076-D30AD441FC3A}.Release|Any CPU.Build.0 = Release|Any CPU
		{25AF7136-FD7E-4B58-8898-641B04771C0C}.Debug|Any CPU.ActiveCfg = Debug|Any CPU
		{25AF7136-FD7E-4B58-8898-641B04771C0C}.Debug|Any CPU.Build.0 = Debug|Any CPU
		{25AF7136-FD7E-4B58-8898-641B04771C0C}.Release|Any CPU.ActiveCfg = Release|Any CPU
		{25AF7136-FD7E-4B58-8898-641B04771C0C}.Release|Any CPU.Build.0 = Release|Any CPU
		{B026DC9C-B8A8-45BD-A88A-D68AB3374688}.Debug|Any CPU.ActiveCfg = Debug|Any CPU
		{B026DC9C-B8A8-45BD-A88A-D68AB3374688}.Debug|Any CPU.Build.0 = Debug|Any CPU
		{B026DC9C-B8A8-45BD-A88A-D68AB3374688}.Release|Any CPU.ActiveCfg = Release|Any CPU
		{B026DC9C-B8A8-45BD-A88A-D68AB3374688}.Release|Any CPU.Build.0 = Release|Any CPU
		{F9A28C8B-9D66-4068-BCBD-460B55407992}.Debug|Any CPU.ActiveCfg = Debug|Any CPU
		{F9A28C8B-9D66-4068-BCBD-460B55407992}.Debug|Any CPU.Build.0 = Debug|Any CPU
		{F9A28C8B-9D66-4068-BCBD-460B55407992}.Release|Any CPU.ActiveCfg = Release|Any CPU
		{F9A28C8B-9D66-4068-BCBD-460B55407992}.Release|Any CPU.Build.0 = Release|Any CPU
		{6DF17C87-1E95-47CA-B307-B88CB53B487D}.Debug|Any CPU.ActiveCfg = Debug|Any CPU
		{6DF17C87-1E95-47CA-B307-B88CB53B487D}.Debug|Any CPU.Build.0 = Debug|Any CPU
		{6DF17C87-1E95-47CA-B307-B88CB53B487D}.Release|Any CPU.ActiveCfg = Release|Any CPU
		{6DF17C87-1E95-47CA-B307-B88CB53B487D}.Release|Any CPU.Build.0 = Release|Any CPU
		{A19467CF-B527-46B2-A6F8-3731275909A2}.Debug|Any CPU.ActiveCfg = Debug|Any CPU
		{A19467CF-B527-46B2-A6F8-3731275909A2}.Debug|Any CPU.Build.0 = Debug|Any CPU
		{A19467CF-B527-46B2-A6F8-3731275909A2}.Release|Any CPU.ActiveCfg = Release|Any CPU
		{A19467CF-B527-46B2-A6F8-3731275909A2}.Release|Any CPU.Build.0 = Release|Any CPU
		{55732F9B-6E0D-4449-8416-A75DAD8A4BB3}.Debug|Any CPU.ActiveCfg = Debug|Any CPU
		{55732F9B-6E0D-4449-8416-A75DAD8A4BB3}.Debug|Any CPU.Build.0 = Debug|Any CPU
		{55732F9B-6E0D-4449-8416-A75DAD8A4BB3}.Release|Any CPU.ActiveCfg = Release|Any CPU
		{55732F9B-6E0D-4449-8416-A75DAD8A4BB3}.Release|Any CPU.Build.0 = Release|Any CPU
		{1E2BF48E-E51E-456F-8E12-BD282FC17288}.Debug|Any CPU.ActiveCfg = Debug|Any CPU
		{1E2BF48E-E51E-456F-8E12-BD282FC17288}.Debug|Any CPU.Build.0 = Debug|Any CPU
		{1E2BF48E-E51E-456F-8E12-BD282FC17288}.Release|Any CPU.ActiveCfg = Release|Any CPU
		{1E2BF48E-E51E-456F-8E12-BD282FC17288}.Release|Any CPU.Build.0 = Release|Any CPU
		{43CEAD09-D799-4840-82BD-4D7B57147AC3}.Debug|Any CPU.ActiveCfg = Debug|Any CPU
		{43CEAD09-D799-4840-82BD-4D7B57147AC3}.Debug|Any CPU.Build.0 = Debug|Any CPU
		{43CEAD09-D799-4840-82BD-4D7B57147AC3}.Release|Any CPU.ActiveCfg = Release|Any CPU
		{43CEAD09-D799-4840-82BD-4D7B57147AC3}.Release|Any CPU.Build.0 = Release|Any CPU
		{9798E8EB-024E-484A-B071-0514905A7E08}.Debug|Any CPU.ActiveCfg = Debug|Any CPU
		{9798E8EB-024E-484A-B071-0514905A7E08}.Debug|Any CPU.Build.0 = Debug|Any CPU
		{9798E8EB-024E-484A-B071-0514905A7E08}.Release|Any CPU.ActiveCfg = Release|Any CPU
		{9798E8EB-024E-484A-B071-0514905A7E08}.Release|Any CPU.Build.0 = Release|Any CPU
		{6111FEDD-5C37-4E7A-9203-2143771F655E}.Debug|Any CPU.ActiveCfg = Debug|Any CPU
		{6111FEDD-5C37-4E7A-9203-2143771F655E}.Debug|Any CPU.Build.0 = Debug|Any CPU
		{6111FEDD-5C37-4E7A-9203-2143771F655E}.Release|Any CPU.ActiveCfg = Release|Any CPU
		{6111FEDD-5C37-4E7A-9203-2143771F655E}.Release|Any CPU.Build.0 = Release|Any CPU
		{B2FFFA2C-235C-4F7E-B130-3F1746747994}.Debug|Any CPU.ActiveCfg = Debug|Any CPU
		{B2FFFA2C-235C-4F7E-B130-3F1746747994}.Debug|Any CPU.Build.0 = Debug|Any CPU
		{B2FFFA2C-235C-4F7E-B130-3F1746747994}.Release|Any CPU.ActiveCfg = Release|Any CPU
		{B2FFFA2C-235C-4F7E-B130-3F1746747994}.Release|Any CPU.Build.0 = Release|Any CPU
		{CBED141E-3D65-4FBA-9AE9-FE5E2F03E7E8}.Debug|Any CPU.ActiveCfg = Debug|Any CPU
		{CBED141E-3D65-4FBA-9AE9-FE5E2F03E7E8}.Debug|Any CPU.Build.0 = Debug|Any CPU
		{CBED141E-3D65-4FBA-9AE9-FE5E2F03E7E8}.Release|Any CPU.ActiveCfg = Release|Any CPU
		{CBED141E-3D65-4FBA-9AE9-FE5E2F03E7E8}.Release|Any CPU.Build.0 = Release|Any CPU
		{5A0C8B07-D522-4F0F-B7D0-610EA12F878D}.Debug|Any CPU.ActiveCfg = Debug|Any CPU
		{5A0C8B07-D522-4F0F-B7D0-610EA12F878D}.Debug|Any CPU.Build.0 = Debug|Any CPU
		{5A0C8B07-D522-4F0F-B7D0-610EA12F878D}.Release|Any CPU.ActiveCfg = Release|Any CPU
		{5A0C8B07-D522-4F0F-B7D0-610EA12F878D}.Release|Any CPU.Build.0 = Release|Any CPU
		{4B58AC6F-AD5E-48EC-9306-94582CD65925}.Debug|Any CPU.ActiveCfg = Debug|Any CPU
		{4B58AC6F-AD5E-48EC-9306-94582CD65925}.Debug|Any CPU.Build.0 = Debug|Any CPU
		{4B58AC6F-AD5E-48EC-9306-94582CD65925}.Release|Any CPU.ActiveCfg = Release|Any CPU
		{4B58AC6F-AD5E-48EC-9306-94582CD65925}.Release|Any CPU.Build.0 = Release|Any CPU
		{28DF6454-F70D-4008-BDA8-928071CADA2C}.Debug|Any CPU.ActiveCfg = Debug|Any CPU
		{28DF6454-F70D-4008-BDA8-928071CADA2C}.Debug|Any CPU.Build.0 = Debug|Any CPU
		{28DF6454-F70D-4008-BDA8-928071CADA2C}.Release|Any CPU.ActiveCfg = Release|Any CPU
		{28DF6454-F70D-4008-BDA8-928071CADA2C}.Release|Any CPU.Build.0 = Release|Any CPU
		{3AB88A58-C0A8-49FA-BB5F-53E689702827}.Debug|Any CPU.ActiveCfg = Debug|Any CPU
		{3AB88A58-C0A8-49FA-BB5F-53E689702827}.Debug|Any CPU.Build.0 = Debug|Any CPU
		{3AB88A58-C0A8-49FA-BB5F-53E689702827}.Release|Any CPU.ActiveCfg = Release|Any CPU
		{3AB88A58-C0A8-49FA-BB5F-53E689702827}.Release|Any CPU.Build.0 = Release|Any CPU
		{C44C304A-D5E1-485A-8356-97F401FDB295}.Debug|Any CPU.ActiveCfg = Debug|Any CPU
		{C44C304A-D5E1-485A-8356-97F401FDB295}.Debug|Any CPU.Build.0 = Debug|Any CPU
		{C44C304A-D5E1-485A-8356-97F401FDB295}.Release|Any CPU.ActiveCfg = Release|Any CPU
		{C44C304A-D5E1-485A-8356-97F401FDB295}.Release|Any CPU.Build.0 = Release|Any CPU
		{8E710040-6B18-4545-A51F-4F2B2E97CA50}.Debug|Any CPU.ActiveCfg = Debug|Any CPU
		{8E710040-6B18-4545-A51F-4F2B2E97CA50}.Debug|Any CPU.Build.0 = Debug|Any CPU
		{8E710040-6B18-4545-A51F-4F2B2E97CA50}.Release|Any CPU.ActiveCfg = Release|Any CPU
		{8E710040-6B18-4545-A51F-4F2B2E97CA50}.Release|Any CPU.Build.0 = Release|Any CPU
	EndGlobalSection
	GlobalSection(SolutionProperties) = preSolution
		HideSolutionNode = FALSE
	EndGlobalSection
	GlobalSection(NestedProjects) = preSolution
		{A40AF64C-3B59-4DB8-A88F-A59A9C9F9018} = {0A1147F3-11F1-42E5-ACA1-E515F3ED8185}
		{9A1BDCB4-6277-4D61-9EB0-DC37762D784B} = {0A1147F3-11F1-42E5-ACA1-E515F3ED8185}
		{6CC708BC-EEE5-482A-B45C-5D2BDBA4F257} = {0A1147F3-11F1-42E5-ACA1-E515F3ED8185}
		{9C53F05D-B6D8-452D-8F69-E6FC6E48A09B} = {0A1147F3-11F1-42E5-ACA1-E515F3ED8185}
		{1E2BF48E-E51E-456F-8E12-BD282FC17288} = {0A1147F3-11F1-42E5-ACA1-E515F3ED8185}
		{6111FEDD-5C37-4E7A-9203-2143771F655E} = {0A1147F3-11F1-42E5-ACA1-E515F3ED8185}
		{5A0C8B07-D522-4F0F-B7D0-610EA12F878D} = {0A1147F3-11F1-42E5-ACA1-E515F3ED8185}
		{3AB88A58-C0A8-49FA-BB5F-53E689702827} = {0A1147F3-11F1-42E5-ACA1-E515F3ED8185}
		{B026DC9C-B8A8-45BD-A88A-D68AB3374688} = {02D81E94-D8FE-45E6-B07A-029A6ADA2F10}
		{6DF17C87-1E95-47CA-B307-B88CB53B487D} = {02D81E94-D8FE-45E6-B07A-029A6ADA2F10}
		{A19467CF-B527-46B2-A6F8-3731275909A2} = {02D81E94-D8FE-45E6-B07A-029A6ADA2F10}
		{55732F9B-6E0D-4449-8416-A75DAD8A4BB3} = {02D81E94-D8FE-45E6-B07A-029A6ADA2F10}
		{9798E8EB-024E-484A-B071-0514905A7E08} = {02D81E94-D8FE-45E6-B07A-029A6ADA2F10}
		{CBED141E-3D65-4FBA-9AE9-FE5E2F03E7E8} = {02D81E94-D8FE-45E6-B07A-029A6ADA2F10}
		{28DF6454-F70D-4008-BDA8-928071CADA2C} = {02D81E94-D8FE-45E6-B07A-029A6ADA2F10}
		{8E710040-6B18-4545-A51F-4F2B2E97CA50} = {02D81E94-D8FE-45E6-B07A-029A6ADA2F10}
		{CBF8C8A4-5469-4A9E-AD48-5F96FD7B7CD6} = {BC7E2201-7748-4153-89A4-44DB26BCDDF5}
		{D6BC698D-7925-4CFE-9076-D30AD441FC3A} = {BC7E2201-7748-4153-89A4-44DB26BCDDF5}
		{25AF7136-FD7E-4B58-8898-641B04771C0C} = {BC7E2201-7748-4153-89A4-44DB26BCDDF5}
		{F9A28C8B-9D66-4068-BCBD-460B55407992} = {BC7E2201-7748-4153-89A4-44DB26BCDDF5}
		{43CEAD09-D799-4840-82BD-4D7B57147AC3} = {BC7E2201-7748-4153-89A4-44DB26BCDDF5}
		{B2FFFA2C-235C-4F7E-B130-3F1746747994} = {BC7E2201-7748-4153-89A4-44DB26BCDDF5}
		{4B58AC6F-AD5E-48EC-9306-94582CD65925} = {BC7E2201-7748-4153-89A4-44DB26BCDDF5}
		{C44C304A-D5E1-485A-8356-97F401FDB295} = {BC7E2201-7748-4153-89A4-44DB26BCDDF5}
	EndGlobalSection
EndGlobal
